
Microsoft Visual Studio Solution File, Format Version 12.00
# Visual Studio 2013
VisualStudioVersion = 12.0.21005.1
MinimumVisualStudioVersion = 10.0.40219.1
Project("{FAE04EC0-301F-11D3-BF4B-00C04F79EFBC}") = "homework6", "homework6\homework6.csproj", "{B1C968D1-2065-41EA-875A-33A9853AFB5A}"
EndProject
Project("{FAE04EC0-301F-11D3-BF4B-00C04F79EFBC}") = "UnitTestProject1", "UnitTestProject1\UnitTestProject1.csproj", "{1BAC16CF-F5E2-4BB1-9F3F-235AB6478EE9}"
EndProject
Global
	GlobalSection(SolutionConfigurationPlatforms) = preSolution
		Debug|Any CPU = Debug|Any CPU
		Release|Any CPU = Release|Any CPU
	EndGlobalSection
	GlobalSection(ProjectConfigurationPlatforms) = postSolution
		{B1C968D1-2065-41EA-875A-33A9853AFB5A}.Debug|Any CPU.ActiveCfg = Debug|Any CPU
		{B1C968D1-2065-41EA-875A-33A9853AFB5A}.Debug|Any CPU.Build.0 = Debug|Any CPU
		{B1C968D1-2065-41EA-875A-33A9853AFB5A}.Release|Any CPU.ActiveCfg = Release|Any CPU
		{B1C968D1-2065-41EA-875A-33A9853AFB5A}.Release|Any CPU.Build.0 = Release|Any CPU
		{1BAC16CF-F5E2-4BB1-9F3F-235AB6478EE9}.Debug|Any CPU.ActiveCfg = Debug|Any CPU
		{1BAC16CF-F5E2-4BB1-9F3F-235AB6478EE9}.Debug|Any CPU.Build.0 = Debug|Any CPU
		{1BAC16CF-F5E2-4BB1-9F3F-235AB6478EE9}.Release|Any CPU.ActiveCfg = Release|Any CPU
		{1BAC16CF-F5E2-4BB1-9F3F-235AB6478EE9}.Release|Any CPU.Build.0 = Release|Any CPU
	EndGlobalSection
	GlobalSection(SolutionProperties) = preSolution
		HideSolutionNode = FALSE
	EndGlobalSection
EndGlobal
